Microsoft Visual Studio Solution File, Format Version 8.00
Project("{8BC9CEB8-8B4A-11D0-8D11-00A0C91BC942}") = "makegdal71", "makegdal71.vcproj", "{769DD10E-E284-46BE-9172-A35184250A3A}"
	ProjectSection(ProjectDependencies) = postProject
	EndProjectSection
EndProject
Global
	GlobalSection(SolutionConfiguration) = preSolution
		Debug = Debug
		Release = Release
	EndGlobalSection
	GlobalSection(ProjectConfiguration) = postSolution
		{769DD10E-E284-46BE-9172-A35184250A3A}.Debug.ActiveCfg = Debug|Win32
		{769DD10E-E284-46BE-9172-A35184250A3A}.Debug.Build.0 = Debug|Win32
		{769DD10E-E284-46BE-9172-A35184250A3A}.Release.ActiveCfg = Release|Win32
		{769DD10E-E284-46BE-9172-A35184250A3A}.Release.Build.0 = Release|Win32
	EndGlobalSection
	GlobalSection(ExtensibilityGlobals) = postSolution
	EndGlobalSection
	GlobalSection(ExtensibilityAddIns) = postSolution
	EndGlobalSection
EndGlobal
